// !$*UTF8*$!
{
	archiveVersion = 1;
	classes = {
	};
	objectVersion = 50;
	objects = {

/* Begin PBXBuildFile section */
		DF462040269E78CF00C7BD31 /* AppDelegate.swift in Sources */ = {isa = PBXBuildFile; fileRef = DF46203F269E78CF00C7BD31 /* AppDelegate.swift */; };
		DF462042269E78CF00C7BD31 /* SceneDelegate.swift in Sources */ = {isa = PBXBuildFile; fileRef = DF462041269E78CF00C7BD31 /* SceneDelegate.swift */; };
		DF462044269E78CF00C7BD31 /* ViewController.swift in Sources */ = {isa = PBXBuildFile; fileRef = DF462043269E78CF00C7BD31 /* ViewController.swift */; };
		DF462047269E78CF00C7BD31 /* Main.storyboard in Resources */ = {isa = PBXBuildFile; fileRef = DF462045269E78CF00C7BD31 /* Main.storyboard */; };
		DF46204A269E78CF00C7BD31 /* LookAtPoint.xcdatamodeld in Sources */ = {isa = PBXBuildFile; fileRef = DF462048269E78CF00C7BD31 /* LookAtPoint.xcdatamodeld */; };
		DF46204C269E78D100C7BD31 /* Assets.xcassets in Resources */ = {isa = PBXBuildFile; fileRef = DF46204B269E78D100C7BD31 /* Assets.xcassets */; };
		DF46204F269E78D100C7BD31 /* LaunchScreen.storyboard in Resources */ = {isa = PBXBuildFile; fileRef = DF46204D269E78D100C7BD31 /* LaunchScreen.storyboard */; };
		DF46205A269E78D200C7BD31 /* LookAtPointTests.swift in Sources */ = {isa = PBXBuildFile; fileRef = DF462059269E78D200C7BD31 /* LookAtPointTests.swift */; };
		DF462065269E78D200C7BD31 /* LookAtPointUITests.swift in Sources */ = {isa = PBXBuildFile; fileRef = DF462064269E78D200C7BD31 /* LookAtPointUITests.swift */; };
/* End PBXBuildFile section */

/* Begin PBXContainerItemProxy section */
		DF462056269E78D200C7BD31 /* PBXContainerItemProxy */ = {
			isa = PBXContainerItemProxy;
			containerPortal = DF462034269E78CF00C7BD31 /* Project object */;
			proxyType = 1;
			remoteGlobalIDString = DF46203B269E78CF00C7BD31;
			remoteInfo = LookAtPoint;
		};
		DF462061269E78D200C7BD31 /* PBXContainerItemProxy */ = {
			isa = PBXContainerItemProxy;
			containerPortal = DF462034269E78CF00C7BD31 /* Project object */;
			proxyType = 1;
			remoteGlobalIDString = DF46203B269E78CF00C7BD31;
			remoteInfo = LookAtPoint;
		};
/* End PBXContainerItemProxy section */

/* Begin PBXFileReference section */
		DF46203C269E78CF00C7BD31 /* LookAtPoint.app */ = {isa = PBXFileReference; explicitFileType = wrapper.application; includeInIndex = 0; path = LookAtPoint.app; sourceTree = BUILT_PRODUCTS_DIR; };
		DF46203F269E78CF00C7BD31 /* AppDelegate.swift */ = {isa = PBXFileReference; lastKnownFileType = sourcecode.swift; path = AppDelegate.swift; sourceTree = "<group>"; };
		DF462041269E78CF00C7BD31 /* SceneDelegate.swift */ = {isa = PBXFileReference; lastKnownFileType = sourcecode.swift; path = SceneDelegate.swift; sourceTree = "<group>"; };
		DF462043269E78CF00C7BD31 /* ViewController.swift */ = {isa = PBXFileReference; lastKnownFileType = sourcecode.swift; path = ViewController.swift; sourceTree = "<group>"; };
		DF462046269E78CF00C7BD31 /* Base */ = {isa = PBXFileReference; lastKnownFileType = file.storyboard; name = Base; path = Base.lproj/Main.storyboard; sourceTree = "<group>"; };
		DF462049269E78CF00C7BD31 /* LookAtPoint.xcdatamodel */ = {isa = PBXFileReference; lastKnownFileType = wrapper.xcdatamodel; path = LookAtPoint.xcdatamodel; sourceTree = "<group>"; };
		DF46204B269E78D100C7BD31 /* Assets.xcassets */ = {isa = PBXFileReference; lastKnownFileType = folder.assetcatalog; path = Assets.xcassets; sourceTree = "<group>"; };
		DF46204E269E78D100C7BD31 /* Base */ = {isa = PBXFileReference; lastKnownFileType = file.storyboard; name = Base; path = Base.lproj/LaunchScreen.storyboard; sourceTree = "<group>"; };
		DF462050269E78D100C7BD31 /* Info.plist */ = {isa = PBXFileReference; lastKnownFileType = text.plist.xml; path = Info.plist; sourceTree = "<group>"; };
		DF462055269E78D200C7BD31 /* LookAtPointTests.xctest */ = {isa = PBXFileReference; explicitFileType = wrapper.cfbundle; includeInIndex = 0; path = LookAtPointTests.xctest; sourceTree = BUILT_PRODUCTS_DIR; };
		DF462059269E78D200C7BD31 /* LookAtPointTests.swift */ = {isa = PBXFileReference; lastKnownFileType = sourcecode.swift; path = LookAtPointTests.swift; sourceTree = "<group>"; };
		DF46205B269E78D200C7BD31 /* Info.plist */ = {isa = PBXFileReference; lastKnownFileType = text.plist.xml; path = Info.plist; sourceTree = "<group>"; };
		DF462060269E78D200C7BD31 /* LookAtPointUITests.xctest */ = {isa = PBXFileReference; explicitFileType = wrapper.cfbundle; includeInIndex = 0; path = LookAtPointUITests.xctest; sourceTree = BUILT_PRODUCTS_DIR; };
		DF462064269E78D200C7BD31 /* LookAtPointUITests.swift */ = {isa = PBXFileReference; lastKnownFileType = sourcecode.swift; path = LookAtPointUITests.swift; sourceTree = "<group>"; };
		DF462066269E78D200C7BD31 /* Info.plist */ = {isa = PBXFileReference; lastKnownFileType = text.plist.xml; path = Info.plist; sourceTree = "<group>"; };
/* End PBXFileReference section */

/* Begin PBXFrameworksBuildPhase section */
		DF462039269E78CF00C7BD31 /* Frameworks */ = {
			isa = PBXFrameworksBuildPhase;
			buildActionMask = 2147483647;
			files = (
			);
			runOnlyForDeploymentPostprocessing = 0;
		};
		DF462052269E78D200C7BD31 /* Frameworks */ = {
			isa = PBXFrameworksBuildPhase;
			buildActionMask = 2147483647;
			files = (
			);
			runOnlyForDeploymentPostprocessing = 0;
		};
		DF46205D269E78D200C7BD31 /* Frameworks */ = {
			isa = PBXFrameworksBuildPhase;
			buildActionMask = 2147483647;
			files = (
			);
			runOnlyForDeploymentPostprocessing = 0;
		};
/* End PBXFrameworksBuildPhase section */

/* Begin PBXGroup section */
		DF462033269E78CF00C7BD31 = {
			isa = PBXGroup;
			children = (
				DF46203E269E78CF00C7BD31 /* LookAtPoint */,
				DF462058269E78D200C7BD31 /* LookAtPointTests */,
				DF462063269E78D200C7BD31 /* LookAtPointUITests */,
				DF46203D269E78CF00C7BD31 /* Products */,
			);
			sourceTree = "<group>";
		};
		DF46203D269E78CF00C7BD31 /* Products */ = {
			isa = PBXGroup;
			children = (
				DF46203C269E78CF00C7BD31 /* LookAtPoint.app */,
				DF462055269E78D200C7BD31 /* LookAtPointTests.xctest */,
				DF462060269E78D200C7BD31 /* LookAtPointUITests.xctest */,
			);
			name = Products;
			sourceTree = "<group>";
		};
		DF46203E269E78CF00C7BD31 /* LookAtPoint */ = {
			isa = PBXGroup;
			children = (
				DF46203F269E78CF00C7BD31 /* AppDelegate.swift */,
				DF462041269E78CF00C7BD31 /* SceneDelegate.swift */,
				DF462043269E78CF00C7BD31 /* ViewController.swift */,
				DF462045269E78CF00C7BD31 /* Main.storyboard */,
				DF46204B269E78D100C7BD31 /* Assets.xcassets */,
				DF46204D269E78D100C7BD31 /* LaunchScreen.storyboard */,
				DF462050269E78D100C7BD31 /* Info.plist */,
				DF462048269E78CF00C7BD31 /* LookAtPoint.xcdatamodeld */,
			);
			path = LookAtPoint;
			sourceTree = "<group>";
		};
		DF462058269E78D200C7BD31 /* LookAtPointTests */ = {
			isa = PBXGroup;
			children = (
				DF462059269E78D200C7BD31 /* LookAtPointTests.swift */,
				DF46205B269E78D200C7BD31 /* Info.plist */,
			);
			path = LookAtPointTests;
			sourceTree = "<group>";
		};
		DF462063269E78D200C7BD31 /* LookAtPointUITests */ = {
			isa = PBXGroup;
			children = (
				DF462064269E78D200C7BD31 /* LookAtPointUITests.swift */,
				DF462066269E78D200C7BD31 /* Info.plist */,
			);
			path = LookAtPointUITests;
			sourceTree = "<group>";
		};
/* End PBXGroup section */

/* Begin PBXNativeTarget section */
		DF46203B269E78CF00C7BD31 /* LookAtPoint */ = {
			isa = PBXNativeTarget;
			buildConfigurationList = DF462069269E78D200C7BD31 /* Build configuration list for PBXNativeTarget "LookAtPoint" */;
			buildPhases = (
				DF462038269E78CF00C7BD31 /* Sources */,
				DF462039269E78CF00C7BD31 /* Frameworks */,
				DF46203A269E78CF00C7BD31 /* Resources */,
			);
			buildRules = (
			);
			dependencies = (
			);
			name = LookAtPoint;
			productName = LookAtPoint;
			productReference = DF46203C269E78CF00C7BD31 /* LookAtPoint.app */;
			productType = "com.apple.product-type.application";
		};
		DF462054269E78D200C7BD31 /* LookAtPointTests */ = {
			isa = PBXNativeTarget;
			buildConfigurationList = DF46206C269E78D200C7BD31 /* Build configuration list for PBXNativeTarget "LookAtPointTests" */;
			buildPhases = (
				DF462051269E78D200C7BD31 /* Sources */,
				DF462052269E78D200C7BD31 /* Frameworks */,
				DF462053269E78D200C7BD31 /* Resources */,
			);
			buildRules = (
			);
			dependencies = (
				DF462057269E78D200C7BD31 /* PBXTargetDependency */,
			);
			name = LookAtPointTests;
			productName = LookAtPointTests;
			productReference = DF462055269E78D200C7BD31 /* LookAtPointTests.xctest */;
			productType = "com.apple.product-type.bundle.unit-test";
		};
		DF46205F269E78D200C7BD31 /* LookAtPointUITests */ = {
			isa = PBXNativeTarget;
			buildConfigurationList = DF46206F269E78D200C7BD31 /* Build configuration list for PBXNativeTarget "LookAtPointUITests" */;
			buildPhases = (
				DF46205C269E78D200C7BD31 /* Sources */,
				DF46205D269E78D200C7BD31 /* Frameworks */,
				DF46205E269E78D200C7BD31 /* Resources */,
			);
			buildRules = (
			);
			dependencies = (
				DF462062269E78D200C7BD31 /* PBXTargetDependency */,
			);
			name = LookAtPointUITests;
			productName = LookAtPointUITests;
			productReference = DF462060269E78D200C7BD31 /* LookAtPointUITests.xctest */;
			productType = "com.apple.product-type.bundle.ui-testing";
		};
/* End PBXNativeTarget section */

/* Begin PBXProject section */
		DF462034269E78CF00C7BD31 /* Project object */ = {
			isa = PBXProject;
			attributes = {
				LastSwiftUpdateCheck = 1250;
				LastUpgradeCheck = 1250;
				TargetAttributes = {
					DF46203B269E78CF00C7BD31 = {
						CreatedOnToolsVersion = 12.5.1;
					};
					DF462054269E78D200C7BD31 = {
						CreatedOnToolsVersion = 12.5.1;
						TestTargetID = DF46203B269E78CF00C7BD31;
					};
					DF46205F269E78D200C7BD31 = {
						CreatedOnToolsVersion = 12.5.1;
						TestTargetID = DF46203B269E78CF00C7BD31;
					};
				};
			};
			buildConfigurationList = DF462037269E78CF00C7BD31 /* Build configuration list for PBXProject "LookAtPoint" */;
			compatibilityVersion = "Xcode 9.3";
			developmentRegion = en;
			hasScannedForEncodings = 0;
			knownRegions = (
				en,
				Base,
			);
			mainGroup = DF462033269E78CF00C7BD31;
			productRefGroup = DF46203D269E78CF00C7BD31 /* Products */;
			projectDirPath = "";
			projectRoot = "";
			targets = (
				DF46203B269E78CF00C7BD31 /* LookAtPoint */,
				DF462054269E78D200C7BD31 /* LookAtPointTests */,
				DF46205F269E78D200C7BD31 /* LookAtPointUITests */,
			);
		};
/* End PBXProject section */

/* Begin PBXResourcesBuildPhase section */
		DF46203A269E78CF00C7BD31 /* Resources */ = {
			isa = PBXResourcesBuildPhase;
			buildActionMask = 2147483647;
			files = (
				DF46204F269E78D100C7BD31 /* LaunchScreen.storyboard in Resources */,
				DF46204C269E78D100C7BD31 /* Assets.xcassets in Resources */,
				DF462047269E78CF00C7BD31 /* Main.storyboard in Resources */,
			);
			runOnlyForDeploymentPostprocessing = 0;
		};
		DF462053269E78D200C7BD31 /* Resources */ = {
			isa = PBXResourcesBuildPhase;
			buildActionMask = 2147483647;
			files = (
			);
			runOnlyForDeploymentPostprocessing = 0;
		};
		DF46205E269E78D200C7BD31 /* Resources */ = {
			isa = PBXResourcesBuildPhase;
			buildActionMask = 2147483647;
			files = (
			);
			runOnlyForDeploymentPostprocessing = 0;
		};
/* End PBXResourcesBuildPhase section */

/* Begin PBXSourcesBuildPhase section */
		DF462038269E78CF00C7BD31 /* Sources */ = {
			isa = PBXSourcesBuildPhase;
			buildActionMask = 2147483647;
			files = (
				DF46204A269E78CF00C7BD31 /* LookAtPoint.xcdatamodeld in Sources */,
				DF462044269E78CF00C7BD31 /* ViewController.swift in Sources */,
				DF462040269E78CF00C7BD31 /* AppDelegate.swift in Sources */,
				DF462042269E78CF00C7BD31 /* SceneDelegate.swift in Sources */,
			);
			runOnlyForDeploymentPostprocessing = 0;
		};
		DF462051269E78D200C7BD31 /* Sources */ = {
			isa = PBXSourcesBuildPhase;
			buildActionMask = 2147483647;
			files = (
				DF46205A269E78D200C7BD31 /* LookAtPointTests.swift in Sources */,
			);
			runOnlyForDeploymentPostprocessing = 0;
		};
		DF46205C269E78D200C7BD31 /* Sources */ = {
			isa = PBXSourcesBuildPhase;
			buildActionMask = 2147483647;
			files = (
				DF462065269E78D200C7BD31 /* LookAtPointUITests.swift in Sources */,
			);
			runOnlyForDeploymentPostprocessing = 0;
		};
/* End PBXSourcesBuildPhase section */

/* Begin PBXTargetDependency section */
		DF462057269E78D200C7BD31 /* PBXTargetDependency */ = {
			isa = PBXTargetDependency;
			target = DF46203B269E78CF00C7BD31 /* LookAtPoint */;
			targetProxy = DF462056269E78D200C7BD31 /* PBXContainerItemProxy */;
		};
		DF462062269E78D200C7BD31 /* PBXTargetDependency */ = {
			isa = PBXTargetDependency;
			target = DF46203B269E78CF00C7BD31 /* LookAtPoint */;
			targetProxy = DF462061269E78D200C7BD31 /* PBXContainerItemProxy */;
		};
/* End PBXTargetDependency section */

/* Begin PBXVariantGroup section */
		DF462045269E78CF00C7BD31 /* Main.storyboard */ = {
			isa = PBXVariantGroup;
			children = (
				DF462046269E78CF00C7BD31 /* Base */,
			);
			name = Main.storyboard;
			sourceTree = "<group>";
		};
		DF46204D269E78D100C7BD31 /* LaunchScreen.storyboard */ = {
			isa = PBXVariantGroup;
			children = (
				DF46204E269E78D100C7BD31 /* Base */,
			);
			name = LaunchScreen.storyboard;
			sourceTree = "<group>";
		};
/* End PBXVariantGroup section */

/* Begin XCBuildConfiguration section */
		DF462067269E78D200C7BD31 /* Debug */ = {
			isa = XCBuildConfiguration;
			buildSettings = {
				ALWAYS_SEARCH_USER_PATHS = NO;
				CLANG_ANALYZER_NONNULL = YES;
				CLANG_ANALYZER_NUMBER_OBJECT_CONVERSION = YES_AGGRESSIVE;
				CLANG_CXX_LANGUAGE_STANDARD = "gnu++14";
				CLANG_CXX_LIBRARY = "libc++";
				CLANG_ENABLE_MODULES = YES;
				CLANG_ENABLE_OBJC_ARC = YES;
				CLANG_ENABLE_OBJC_WEAK = YES;
				CLANG_WARN_BLOCK_CAPTURE_AUTORELEASING = YES;
				CLANG_WARN_BOOL_CONVERSION = YES;
				CLANG_WARN_COMMA = YES;
				CLANG_WARN_CONSTANT_CONVERSION = YES;
				CLANG_WARN_DEPRECATED_OBJC_IMPLEMENTATIONS = YES;
				CLANG_WARN_DIRECT_OBJC_ISA_USAGE = YES_ERROR;
				CLANG_WARN_DOCUMENTATION_COMMENTS = YES;
				CLANG_WARN_EMPTY_BODY = YES;
				CLANG_WARN_ENUM_CONVERSION = YES;
				CLANG_WARN_INFINITE_RECURSION = YES;
				CLANG_WARN_INT_CONVERSION = YES;
				CLANG_WARN_NON_LITERAL_NULL_CONVERSION = YES;
				CLANG_WARN_OBJC_IMPLICIT_RETAIN_SELF = YES;
				CLANG_WARN_OBJC_LITERAL_CONVERSION = YES;
				CLANG_WARN_OBJC_ROOT_CLASS = YES_ERROR;
				CLANG_WARN_QUOTED_INCLUDE_IN_FRAMEWORK_HEADER = YES;
				CLANG_WARN_RANGE_LOOP_ANALYSIS = YES;
				CLANG_WARN_STRICT_PROTOTYPES = YES;
				CLANG_WARN_SUSPICIOUS_MOVE = YES;
				CLANG_WARN_UNGUARDED_AVAILABILITY = YES_AGGRESSIVE;
				CLANG_WARN_UNREACHABLE_CODE = YES;
				CLANG_WARN__DUPLICATE_METHOD_MATCH = YES;
				COPY_PHASE_STRIP = NO;
				DEBUG_INFORMATION_FORMAT = dwarf;
				ENABLE_STRICT_OBJC_MSGSEND = YES;
				ENABLE_TESTABILITY = YES;
				GCC_C_LANGUAGE_STANDARD = gnu11;
				GCC_DYNAMIC_NO_PIC = NO;
				GCC_NO_COMMON_BLOCKS = YES;
				GCC_OPTIMIZATION_LEVEL = 0;
				GCC_PREPROCESSOR_DEFINITIONS = (
					"DEBUG=1",
					"$(inherited)",
				);
				GCC_WARN_64_TO_32_BIT_CONVERSION = YES;
				GCC_WARN_ABOUT_RETURN_TYPE = YES_ERROR;
				GCC_WARN_UNDECLARED_SELECTOR = YES;
				GCC_WARN_UNINITIALIZED_AUTOS = YES_AGGRESSIVE;
				GCC_WARN_UNUSED_FUNCTION = YES;
				GCC_WARN_UNUSED_VARIABLE = YES;
				IPHONEOS_DEPLOYMENT_TARGET = 14.5;
				MTL_ENABLE_DEBUG_INFO = INCLUDE_SOURCE;
				MTL_FAST_MATH = YES;
				ONLY_ACTIVE_ARCH = YES;
				SDKROOT = iphoneos;
				SWIFT_ACTIVE_COMPILATION_CONDITIONS = DEBUG;
				SWIFT_OPTIMIZATION_LEVEL = "-Onone";
			};
			name = Debug;
		};
		DF462068269E78D200C7BD31 /* Release */ = {
			isa = XCBuildConfiguration;
			buildSettings = {
				ALWAYS_SEARCH_USER_PATHS = NO;
				CLANG_ANALYZER_NONNULL = YES;
				CLANG_ANALYZER_NUMBER_OBJECT_CONVERSION = YES_AGGRESSIVE;
				CLANG_CXX_LANGUAGE_STANDARD = "gnu++14";
				CLANG_CXX_LIBRARY = "libc++";
				CLANG_ENABLE_MODULES = YES;
				CLANG_ENABLE_OBJC_ARC = YES;
				CLANG_ENABLE_OBJC_WEAK = YES;
				CLANG_WARN_BLOCK_CAPTURE_AUTORELEASING = YES;
				CLANG_WARN_BOOL_CONVERSION = YES;
				CLANG_WARN_COMMA = YES;
				CLANG_WARN_CONSTANT_CONVERSION = YES;
				CLANG_WARN_DEPRECATED_OBJC_IMPLEMENTATIONS = YES;
				CLANG_WARN_DIRECT_OBJC_ISA_USAGE = YES_ERROR;
				CLANG_WARN_DOCUMENTATION_COMMENTS = YES;
				CLANG_WARN_EMPTY_BODY = YES;
				CLANG_WARN_ENUM_CONVERSION = YES;
				CLANG_WARN_INFINITE_RECURSION = YES;
				CLANG_WARN_INT_CONVERSION = YES;
				CLANG_WARN_NON_LITERAL_NULL_CONVERSION = YES;
				CLANG_WARN_OBJC_IMPLICIT_RETAIN_SELF = YES;
				CLANG_WARN_OBJC_LITERAL_CONVERSION = YES;
				CLANG_WARN_OBJC_ROOT_CLASS = YES_ERROR;
				CLANG_WARN_QUOTED_INCLUDE_IN_FRAMEWORK_HEADER = YES;
				CLANG_WARN_RANGE_LOOP_ANALYSIS = YES;
				CLANG_WARN_STRICT_PROTOTYPES = YES;
				CLANG_WARN_SUSPICIOUS_MOVE = YES;
				CLANG_WARN_UNGUARDED_AVAILABILITY = YES_AGGRESSIVE;
				CLANG_WARN_UNREACHABLE_CODE = YES;
				CLANG_WARN__DUPLICATE_METHOD_MATCH = YES;
				COPY_PHASE_STRIP = NO;
				DEBUG_INFORMATION_FORMAT = "dwarf-with-dsym";
				ENABLE_NS_ASSERTIONS = NO;
				ENABLE_STRICT_OBJC_MSGSEND = YES;
				GCC_C_LANGUAGE_STANDARD = gnu11;
				GCC_NO_COMMON_BLOCKS = YES;
				GCC_WARN_64_TO_32_BIT_CONVERSION = YES;
				GCC_WARN_ABOUT_RETURN_TYPE = YES_ERROR;
				GCC_WARN_UNDECLARED_SELECTOR = YES;
				GCC_WARN_UNINITIALIZED_AUTOS = YES_AGGRESSIVE;
				GCC_WARN_UNUSED_FUNCTION = YES;
				GCC_WARN_UNUSED_VARIABLE = YES;
				IPHONEOS_DEPLOYMENT_TARGET = 14.5;
				MTL_ENABLE_DEBUG_INFO = NO;
				MTL_FAST_MATH = YES;
				SDKROOT = iphoneos;
				SWIFT_COMPILATION_MODE = wholemodule;
				SWIFT_OPTIMIZATION_LEVEL = "-O";
				VALIDATE_PRODUCT = YES;
			};
			name = Release;
		};
		DF46206A269E78D200C7BD31 /* Debug */ = {
			isa = XCBuildConfiguration;
			buildSettings = {
				ASSETCATALOG_COMPILER_APPICON_NAME = AppIcon;
				ASSETCATALOG_COMPILER_GLOBAL_ACCENT_COLOR_NAME = AccentColor;
				CODE_SIGN_STYLE = Automatic;
				DEVELOPMENT_TEAM = 8CDS4RQQHP;
				INFOPLIST_FILE = LookAtPoint/Info.plist;
				LD_RUNPATH_SEARCH_PATHS = (
					"$(inherited)",
					"@executable_path/Frameworks",
				);
				PRODUCT_BUNDLE_IDENTIFIER = com.Aplaice.LookAtPoint;
				PRODUCT_NAME = "$(TARGET_NAME)";
				SWIFT_VERSION = 5.0;
				TARGETED_DEVICE_FAMILY = "1,2";
			};
			name = Debug;
		};
		DF46206B269E78D200C7BD31 /* Release */ = {
			isa = XCBuildConfiguration;
			buildSettings = {
				ASSETCATALOG_COMPILER_APPICON_NAME = AppIcon;
				ASSETCATALOG_COMPILER_GLOBAL_ACCENT_COLOR_NAME = AccentColor;
				CODE_SIGN_STYLE = Automatic;
				DEVELOPMENT_TEAM = 8CDS4RQQHP;
				INFOPLIST_FILE = LookAtPoint/Info.plist;
				LD_RUNPATH_SEARCH_PATHS = (
					"$(inherited)",
					"@executable_path/Frameworks",
				);
				PRODUCT_BUNDLE_IDENTIFIER = com.Aplaice.LookAtPoint;
				PRODUCT_NAME = "$(TARGET_NAME)";
				SWIFT_VERSION = 5.0;
				TARGETED_DEVICE_FAMILY = "1,2";
			};
			name = Release;
		};
		DF46206D269E78D200C7BD31 /* Debug */ = {
			isa = XCBuildConfiguration;
			buildSettings = {
				ALWAYS_EMBED_SWIFT_STANDARD_LIBRARIES = YES;
				BUNDLE_LOADER = "$(TEST_HOST)";
				CODE_SIGN_STYLE = Automatic;
				DEVELOPMENT_TEAM = 8CDS4RQQHP;
				INFOPLIST_FILE = LookAtPointTests/Info.plist;
				IPHONEOS_DEPLOYMENT_TARGET = 14.5;
				LD_RUNPATH_SEARCH_PATHS = (
					"$(inherited)",
					"@executable_path/Frameworks",
					"@loader_path/Frameworks",
				);
				PRODUCT_BUNDLE_IDENTIFIER = com.Aplaice.LookAtPointTests;
				PRODUCT_NAME = "$(TARGET_NAME)";
				SWIFT_VERSION = 5.0;
				TARGETED_DEVICE_FAMILY = "1,2";
				TEST_HOST = "$(BUILT_PRODUCTS_DIR)/LookAtPoint.app/LookAtPoint";
			};
			name = Debug;
		};
		DF46206E269E78D200C7BD31 /* Release */ = {
			isa = XCBuildConfiguration;
			buildSettings = {
				ALWAYS_EMBED_SWIFT_STANDARD_LIBRARIES = YES;
				BUNDLE_LOADER = "$(TEST_HOST)";
				CODE_SIGN_STYLE = Automatic;
				DEVELOPMENT_TEAM = 8CDS4RQQHP;
				INFOPLIST_FILE = LookAtPointTests/Info.plist;
				IPHONEOS_DEPLOYMENT_TARGET = 14.5;
				LD_RUNPATH_SEARCH_PATHS = (
					"$(inherited)",
					"@executable_path/Frameworks",
					"@loader_path/Frameworks",
				);
				PRODUCT_BUNDLE_IDENTIFIER = com.Aplaice.LookAtPointTests;
				PRODUCT_NAME = "$(TARGET_NAME)";
				SWIFT_VERSION = 5.0;
				TARGETED_DEVICE_FAMILY = "1,2";
				TEST_HOST = "$(BUILT_PRODUCTS_DIR)/LookAtPoint.app/LookAtPoint";
			};
			name = Release;
		};
		DF462070269E78D200C7BD31 /* Debug */ = {
			isa = XCBuildConfiguration;
			buildSettings = {
				ALWAYS_EMBED_SWIFT_STANDARD_LIBRARIES = YES;
				CODE_SIGN_STYLE = Automatic;
				DEVELOPMENT_TEAM = 8CDS4RQQHP;
				INFOPLIST_FILE = LookAtPointUITests/Info.plist;
				LD_RUNPATH_SEARCH_PATHS = (
					"$(inherited)",
					"@executable_path/Frameworks",
					"@loader_path/Frameworks",
				);
				PRODUCT_BUNDLE_IDENTIFIER = com.Aplaice.LookAtPointUITests;
				PRODUCT_NAME = "$(TARGET_NAME)";
				SWIFT_VERSION = 5.0;
				TARGETED_DEVICE_FAMILY = "1,2";
				TEST_TARGET_NAME = LookAtPoint;
			};
			name = Debug;
		};
		DF462071269E78D200C7BD31 /* Release */ = {
			isa = XCBuildConfiguration;
			buildSettings = {
				ALWAYS_EMBED_SWIFT_STANDARD_LIBRARIES = YES;
				CODE_SIGN_STYLE = Automatic;
				DEVELOPMENT_TEAM = 8CDS4RQQHP;
				INFOPLIST_FILE = LookAtPointUITests/Info.plist;
				LD_RUNPATH_SEARCH_PATHS = (
					"$(inherited)",
					"@executable_path/Frameworks",
					"@loader_path/Frameworks",
				);
				PRODUCT_BUNDLE_IDENTIFIER = com.Aplaice.LookAtPointUITests;
				PRODUCT_NAME = "$(TARGET_NAME)";
				SWIFT_VERSION = 5.0;
				TARGETED_DEVICE_FAMILY = "1,2";
				TEST_TARGET_NAME = LookAtPoint;
			};
			name = Release;
		};
/* End XCBuildConfiguration section */

/* Begin XCConfigurationList section */
		DF462037269E78CF00C7BD31 /* Build configuration list for PBXProject "LookAtPoint" */ = {
			isa = XCConfigurationList;
			buildConfigurations = (
				DF462067269E78D200C7BD31 /* Debug */,
				DF462068269E78D200C7BD31 /* Release */,
			);
			defaultConfigurationIsVisible = 0;
			defaultConfigurationName = Release;
		};
		DF462069269E78D200C7BD31 /* Build configuration list for PBXNativeTarget "LookAtPoint" */ = {
			isa = XCConfigurationList;
			buildConfigurations = (
				DF46206A269E78D200C7BD31 /* Debug */,
				DF46206B269E78D200C7BD31 /* Release */,
			);
			defaultConfigurationIsVisible = 0;
			defaultConfigurationName = Release;
		};
		DF46206C269E78D200C7BD31 /* Build configuration list for PBXNativeTarget "LookAtPointTests" */ = {
			isa = XCConfigurationList;
			buildConfigurations = (
				DF46206D269E78D200C7BD31 /* Debug */,
				DF46206E269E78D200C7BD31 /* Release */,
			);
			defaultConfigurationIsVisible = 0;
			defaultConfigurationName = Release;
		};
		DF46206F269E78D200C7BD31 /* Build configuration list for PBXNativeTarget "LookAtPointUITests" */ = {
			isa = XCConfigurationList;
			buildConfigurations = (
				DF462070269E78D200C7BD31 /* Debug */,
				DF462071269E78D200C7BD31 /* Release */,
			);
			defaultConfigurationIsVisible = 0;
			defaultConfigurationName = Release;
		};
/* End XCConfigurationList section */

/* Begin XCVersionGroup section */
		DF462048269E78CF00C7BD31 /* LookAtPoint.xcdatamodeld */ = {
			isa = XCVersionGroup;
			children = (
				DF462049269E78CF00C7BD31 /* LookAtPoint.xcdatamodel */,
			);
			currentVersion = DF462049269E78CF00C7BD31 /* LookAtPoint.xcdatamodel */;
			path = LookAtPoint.xcdatamodeld;
			sourceTree = "<group>";
			versionGroupType = wrapper.xcdatamodel;
		};
/* End XCVersionGroup section */
	};
	rootObject = DF462034269E78CF00C7BD31 /* Project object */;
}
